
Microsoft Visual Studio Solution File, Format Version 12.00
# Visual Studio Version 17
VisualStudioVersion = 17.8.34330.188
MinimumVisualStudioVersion = 10.0.40219.1
Project("{FAE04EC0-301F-11D3-BF4B-00C04F79EFBC}") = "api", "api.csproj", "{05FB6349-8179-4EAC-B3C7-5C655CB1E775}"
EndProject
Global
	GlobalSection(SolutionConfigurationPlatforms) = preSolution
		Debug|Any CPU = Debug|Any CPU
		Release|Any CPU = Release|Any CPU
	EndGlobalSection
	GlobalSection(ProjectConfigurationPlatforms) = postSolution
		{05FB6349-8179-4EAC-B3C7-5C655CB1E775}.Debug|Any CPU.ActiveCfg = Debug|Any CPU
		{05FB6349-8179-4EAC-B3C7-5C655CB1E775}.Debug|Any CPU.Build.0 = Debug|Any CPU
		{05FB6349-8179-4EAC-B3C7-5C655CB1E775}.Release|Any CPU.ActiveCfg = Release|Any CPU
		{05FB6349-8179-4EAC-B3C7-5C655CB1E775}.Release|Any CPU.Build.0 = Release|Any CPU
	EndGlobalSection
	GlobalSection(SolutionProperties) = preSolution
		HideSolutionNode = FALSE
	EndGlobalSection
	GlobalSection(ExtensibilityGlobals) = postSolution
		SolutionGuid = {BC2E247A-7940-4325-9373-6EB1EDECD5EB}
	EndGlobalSection
EndGlobal
